
Microsoft Visual Studio Solution File, Format Version 9.00
# Visual Studio 2005
Project("{FAE04EC0-301F-11D3-BF4B-00C04F79EFBC}") = "DatesTimes", "DatesTimes\DatesTimes.csproj", "{56898E0D-BF82-4065-A9A0-DA3A9C09353E}"
EndProject
Global
	GlobalSection(SolutionConfigurationPlatforms) = preSolution
		Debug|Any CPU = Debug|Any CPU
		Release|Any CPU = Release|Any CPU
	EndGlobalSection
	GlobalSection(ProjectConfigurationPlatforms) = postSolution
		{56898E0D-BF82-4065-A9A0-DA3A9C09353E}.Debug|Any CPU.ActiveCfg = Debug|Any CPU
		{56898E0D-BF82-4065-A9A0-DA3A9C09353E}.Debug|Any CPU.Build.0 = Debug|Any CPU
		{56898E0D-BF82-4065-A9A0-DA3A9C09353E}.Release|Any CPU.ActiveCfg = Release|Any CPU
		{56898E0D-BF82-4065-A9A0-DA3A9C09353E}.Release|Any CPU.Build.0 = Release|Any CPU
	EndGlobalSection
	GlobalSection(SolutionProperties) = preSolution
		HideSolutionNode = FALSE
	EndGlobalSection
EndGlobal
